
Microsoft Visual Studio Solution File, Format Version 12.00
# Visual Studio Version 17
VisualStudioVersion = 17.14.36121.58 d17.14
MinimumVisualStudioVersion = 10.0.40219.1
Project("{8BC9CEB8-8B4A-11D0-8D11-00A0C91BC942}") = "keshe", "keshe.vcxproj", "{01701E24-611C-4BB6-8B38-55E66A51A508}"
EndProject
Global
	GlobalSection(SolutionConfigurationPlatforms) = preSolution
		Debug|x64 = Debug|x64
		Debug|x86 = Debug|x86
		Release|x64 = Release|x64
		Release|x86 = Release|x86
	EndGlobalSection
	GlobalSection(ProjectConfigurationPlatforms) = postSolution
		{01701E24-611C-4BB6-8B38-55E66A51A508}.Debug|x64.ActiveCfg = Debug|x64
		{01701E24-611C-4BB6-8B38-55E66A51A508}.Debug|x64.Build.0 = Debug|x64
		{01701E24-611C-4BB6-8B38-55E66A51A508}.Debug|x86.ActiveCfg = Debug|Win32
		{01701E24-611C-4BB6-8B38-55E66A51A508}.Debug|x86.Build.0 = Debug|Win32
		{01701E24-611C-4BB6-8B38-55E66A51A508}.Release|x64.ActiveCfg = Release|x64
		{01701E24-611C-4BB6-8B38-55E66A51A508}.Release|x64.Build.0 = Release|x64
		{01701E24-611C-4BB6-8B38-55E66A51A508}.Release|x86.ActiveCfg = Release|Win32
		{01701E24-611C-4BB6-8B38-55E66A51A508}.Release|x86.Build.0 = Release|Win32
	EndGlobalSection
	GlobalSection(SolutionProperties) = preSolution
		HideSolutionNode = FALSE
	EndGlobalSection
	GlobalSection(ExtensibilityGlobals) = postSolution
		SolutionGuid = {38E542D4-87BA-4BC8-B5AB-9E483FD4450E}
	EndGlobalSection
EndGlobal
